
Microsoft Visual Studio Solution File, Format Version 12.00
# Visual Studio 15
VisualStudioVersion = 15.0.28307.329
MinimumVisualStudioVersion = 10.0.40219.1
Project("{FAE04EC0-301F-11D3-BF4B-00C04F79EFBC}") = "WebAPI", "WebAPI\WebAPI.csproj", "{936F6C2D-139B-4041-9F33-F6E328F56A37}"
EndProject
Global
	GlobalSection(SolutionConfigurationPlatforms) = preSolution
		Debug|Any CPU = Debug|Any CPU
		Release|Any CPU = Release|Any CPU
	EndGlobalSection
	GlobalSection(ProjectConfigurationPlatforms) = postSolution
		{936F6C2D-139B-4041-9F33-F6E328F56A37}.Debug|Any CPU.ActiveCfg = Debug|Any CPU
		{936F6C2D-139B-4041-9F33-F6E328F56A37}.Debug|Any CPU.Build.0 = Debug|Any CPU
		{936F6C2D-139B-4041-9F33-F6E328F56A37}.Release|Any CPU.ActiveCfg = Release|Any CPU
		{936F6C2D-139B-4041-9F33-F6E328F56A37}.Release|Any CPU.Build.0 = Release|Any CPU
	EndGlobalSection
	GlobalSection(SolutionProperties) = preSolution
		HideSolutionNode = FALSE
	EndGlobalSection
	GlobalSection(ExtensibilityGlobals) = postSolution
		SolutionGuid = {731DB67F-9438-49C9-9489-19F7B5B7A7D5}
	EndGlobalSection
EndGlobal
